{
  "projects": [
    {
      "projectId": "enk3K4vZ6pmH6kVCoZJXGn",
      "version": "4.24.0",
      "dependencies": {},
      "lang": "ts",
      "fileLocks": [
        {
          "assetId": "enk3K4vZ6pmH6kVCoZJXGn",
          "type": "projectCss",
          "checksum": "46129a8140f7bf604dec903e19777f53"
        }
      ],
      "codegenVersion": "0.0.1"
    },
    {
      "projectId": "caTPwKxj5ZrD9LQ7DMdK4Z",
      "version": "3.38.0",
      "dependencies": {},
      "lang": "ts",
      "fileLocks": [
        {
          "assetId": "caTPwKxj5ZrD9LQ7DMdK4Z",
          "type": "projectCss",
          "checksum": "e1ec850476829c38b0f9b6d4f7ac446a"
        }
      ],
      "codegenVersion": "0.0.1"
    },
    {
      "projectId": "7nJ7UcFmq9UzB6eXfC5z4a",
      "version": "0.29.0",
      "dependencies": {},
      "lang": "ts",
      "fileLocks": [
        {
          "assetId": "7nJ7UcFmq9UzB6eXfC5z4a",
          "type": "projectCss",
          "checksum": "05587b57f22f0ec8bb54543deb39762e"
        }
      ],
      "codegenVersion": "0.0.1"
    },
    {
      "projectId": "87RqUXPRhfuJ9yTiA95WNo",
      "version": "latest",
      "dependencies": {
        "7nJ7UcFmq9UzB6eXfC5z4a": "0.29.0",
        "caTPwKxj5ZrD9LQ7DMdK4Z": "3.38.0",
        "enk3K4vZ6pmH6kVCoZJXGn": "4.24.0"
      },
      "lang": "ts",
      "fileLocks": [
        {
          "type": "globalVariant",
          "assetId": "ZjlABz_8Zg1kZ1",
          "checksum": "1b7683dd569b5380110d0ea37fb79319"
        },
        {
          "assetId": "87RqUXPRhfuJ9yTiA95WNo",
          "type": "projectCss",
          "checksum": "07305a1dfd54a0ef559c7f230076dd2b"
        },
        {
          "type": "renderModule",
          "assetId": "8dfh3YZZri3ew",
          "checksum": "25c8efec5eaf05c15360ebad21b7651e"
        },
        {
          "type": "cssRules",
          "assetId": "8dfh3YZZri3ew",
          "checksum": "25c8efec5eaf05c15360ebad21b7651e"
        },
        {
          "type": "renderModule",
          "assetId": "5NrnT93yhe",
          "checksum": "b347667afb74dfc0873f15c935a84450"
        },
        {
          "type": "cssRules",
          "assetId": "5NrnT93yhe",
          "checksum": "b347667afb74dfc0873f15c935a84450"
        },
        {
          "type": "renderModule",
          "assetId": "azcCSNhOwt",
          "checksum": "509d3f130c78fa21aa32f229d0272d65"
        },
        {
          "type": "cssRules",
          "assetId": "azcCSNhOwt",
          "checksum": "509d3f130c78fa21aa32f229d0272d65"
        },
        {
          "type": "renderModule",
          "assetId": "rqsyovS14ray",
          "checksum": "a9dda5c7d98b833f69c2991064fbe60f"
        },
        {
          "type": "cssRules",
          "assetId": "rqsyovS14ray",
          "checksum": "a9dda5c7d98b833f69c2991064fbe60f"
        },
        {
          "type": "icon",
          "assetId": "a52ODPAyOhnTOA",
          "checksum": "470470021d7d27bf2bf8ca4afcca4603"
        },
        {
          "type": "icon",
          "assetId": "F6DFxqqSKz3lTD",
          "checksum": "62d29f684833bb10247b744b2570f6ce"
        },
        {
          "type": "icon",
          "assetId": "UDOr6f66X_",
          "checksum": "26be9d57259124481e2a8c1bbd10c5f7"
        },
        {
          "type": "icon",
          "assetId": "ajGpW9VBJq",
          "checksum": "69fe495483b1c22347ebbc98ebfcae2e"
        },
        {
          "type": "image",
          "assetId": "Nj8UJYACaWMtol",
          "checksum": "e4f1a6a046184ecfd4592294826aa00d"
        },
        {
          "type": "image",
          "assetId": "xhdQ_8faCRAIEY",
          "checksum": "67fbdebe2bd5341985853ea93fee8a84"
        },
        {
          "type": "image",
          "assetId": "v84I00pmGtX0YF",
          "checksum": "ee42d1dd0ef328c520068418965ae041"
        },
        {
          "type": "image",
          "assetId": "AnVqH-SrBq10xI",
          "checksum": "c78c9e4659fc698dcf23b4f2ddad34ef"
        },
        {
          "type": "image",
          "assetId": "FHb556Tl4v3E5F",
          "checksum": "8ecc6fc4663c376fcea097796023c8ea"
        },
        {
          "type": "image",
          "assetId": "T32ct0kqWeLw8E",
          "checksum": "9d7530c46b2228cb9b08a17aa590f4bf"
        },
        {
          "type": "image",
          "assetId": "Up-lZWVQQcLMwq",
          "checksum": "551798d2f5acfc01262f5f11c1788088"
        },
        {
          "type": "image",
          "assetId": "iZZg2krcPI-RVI",
          "checksum": "cc05ad90d14d6e24bc6ef4f28852ba93"
        },
        {
          "type": "image",
          "assetId": "LK5z3BYzUid6hO",
          "checksum": "c5f940c55a8c5171d57812aac78cc482"
        },
        {
          "type": "image",
          "assetId": "nuijJyWacjmRMk",
          "checksum": "6e4e964823996fee0b1514130cd6c624"
        },
        {
          "type": "image",
          "assetId": "29yUf1rTFTnl2B",
          "checksum": "8fa77bb82364c63b98f7f093460f8241"
        },
        {
          "type": "image",
          "assetId": "H4OpBIbs1NHmjC",
          "checksum": "6ea4d9aff0645472fd44f5fefe95f8a5"
        },
        {
          "type": "image",
          "assetId": "6Gf3TlQUkbFzKC",
          "checksum": "f98b7cbfb2aeacc53baf98b21a039589"
        },
        {
          "type": "image",
          "assetId": "ZKjCtZCQiwuaWs",
          "checksum": "0e21b703f7503793422e8109fccae0b1"
        },
        {
          "type": "image",
          "assetId": "z4ethjD6MzPakr",
          "checksum": "f7101fc61adf38fc34cadff993e23702"
        },
        {
          "type": "image",
          "assetId": "09lQ_mX2jImTk7",
          "checksum": "f52495163235ead91d4e5f7b99964998"
        },
        {
          "type": "image",
          "assetId": "bhQW2KR4aobi1P",
          "checksum": "55bed12cbba95c3c360b6099888f74ac"
        },
        {
          "type": "image",
          "assetId": "8iwB13PZW16dnA",
          "checksum": "1bcf637fb912f6de13d3417898685fff"
        },
        {
          "type": "image",
          "assetId": "FCBu333E41nyzp",
          "checksum": "cb49e9e7289f560b9b647f3a8f0def90"
        },
        {
          "type": "image",
          "assetId": "oxbcRUKH-j-c5f",
          "checksum": "2845b5d02e885c756951b11c7a6157a1"
        },
        {
          "type": "image",
          "assetId": "cnt6gFMo3YOj9L",
          "checksum": "502bb7710a55bb43a57bd2ed0cb84ff2"
        },
        {
          "type": "image",
          "assetId": "uOcF4sdB48m5ar",
          "checksum": "eb1e8f813b60cca26e72a0da55232036"
        },
        {
          "type": "image",
          "assetId": "RWGaaAH_BH-BlT",
          "checksum": "767966982ea8914c37e71f9de70b604d"
        },
        {
          "type": "image",
          "assetId": "fWp5J69dst_Kp_",
          "checksum": "0f16ae5fba9b6a146d3935f7390478e8"
        },
        {
          "type": "image",
          "assetId": "hnI-oKdiOgD7CC",
          "checksum": "f27923007b55633a656842573009593b"
        },
        {
          "type": "image",
          "assetId": "QmLaURkdZtyjWx",
          "checksum": "77e8d4a3dbeffa47e170ce7b5ec12217"
        },
        {
          "type": "image",
          "assetId": "aCgJSCB4Qu1nV8",
          "checksum": "2bfeee23770e9c5171bd9b7f0c22cfe7"
        },
        {
          "type": "image",
          "assetId": "_1cbRPGCCMcsDg",
          "checksum": "2051debf508fb95a77282ae83958beff"
        },
        {
          "type": "image",
          "assetId": "FW1sBZW4_nc_iw",
          "checksum": "74cfff602ba882334ac689352d180ce0"
        },
        {
          "type": "image",
          "assetId": "Fm8_httInPACtX",
          "checksum": "c29c534dbc03c6f35f5ff6fd005538b9"
        },
        {
          "type": "image",
          "assetId": "0IRNtfJ7K4e_-a",
          "checksum": "9a145c995f3cdade12d00e1393fe86d9"
        },
        {
          "type": "image",
          "assetId": "a9l79aYq4U89mU",
          "checksum": "ac7a0568b92251c416f0f0410869b13b"
        },
        {
          "type": "image",
          "assetId": "pYkQtCKX8I_nil",
          "checksum": "e6547590687119ca8298cd42cf72ff2f"
        },
        {
          "type": "image",
          "assetId": "0Jk7faOEb4-ZQa",
          "checksum": "d727c7553de076c7ea34b3d957d437ad"
        },
        {
          "type": "image",
          "assetId": "qwYCDb4AsvnZE2",
          "checksum": "58db79afbdf08d240eda1d4d56903455"
        },
        {
          "type": "image",
          "assetId": "r9QYLe85LWk10f",
          "checksum": "bd74398702c8214f54aefb236ff444ac"
        },
        {
          "type": "image",
          "assetId": "-vtg6wtlDDHhu3",
          "checksum": "ab752dfb724b05c98a14361cd312cf13"
        },
        {
          "type": "image",
          "assetId": "-bKj8i7oyuegVR",
          "checksum": "1a89726740494e00ad9f7f1ec41b044d"
        },
        {
          "type": "image",
          "assetId": "XCe8RrERRV3KXs",
          "checksum": "73feb83417d4de04af78fda825eeda1c"
        },
        {
          "type": "image",
          "assetId": "QOPttHK6qIJ4sV",
          "checksum": "91212e4088f3283c150d303fa62d6414"
        },
        {
          "type": "image",
          "assetId": "oi7FJkrQxKz5KB",
          "checksum": "95e313f84b2ff4aef87bcea4f9705572"
        },
        {
          "type": "image",
          "assetId": "M2eRKMJcE",
          "checksum": "fb43d1d578d5cf94ef55a4acd1bb18ca"
        },
        {
          "type": "image",
          "assetId": "FoibimNZw",
          "checksum": "6c41e0a8ba29a4f83a2f56206f5aad31"
        },
        {
          "type": "image",
          "assetId": "BDSME1xCN",
          "checksum": "78822c9f62bc18d812e54cb5c70520e8"
        },
        {
          "type": "image",
          "assetId": "PGMqMEdv8",
          "checksum": "bee0ffcccd4e87aa32ab68448b18cdf1"
        },
        {
          "type": "image",
          "assetId": "2OA-dVx7wf",
          "checksum": "3da0c5f243b5d6a17376989e1e2f3732"
        },
        {
          "type": "image",
          "assetId": "trz_DEWv0",
          "checksum": "cb16a5c7a72ec62384f904ac6ae435c1"
        },
        {
          "type": "image",
          "assetId": "te59nOwMX",
          "checksum": "9d3dec864098a9890a73711cfe316189"
        },
        {
          "type": "image",
          "assetId": "xtZ6OZRTB",
          "checksum": "ca579b38fff6474100b10012bae5fbbe"
        },
        {
          "type": "image",
          "assetId": "D3Gz6_ODt",
          "checksum": "1208213af26c670f5b81439daca617f3"
        },
        {
          "type": "image",
          "assetId": "An4kZ9NbE",
          "checksum": "d4239fb1bc029f33e28f0aa545b10b94"
        },
        {
          "type": "image",
          "assetId": "fkSTiTMX4",
          "checksum": "b0ec082d42c1913652cfc8b664fd30e8"
        },
        {
          "type": "image",
          "assetId": "DSg4wXH3a",
          "checksum": "14e7c487709ca0bb06b2f92e842b2197"
        },
        {
          "type": "image",
          "assetId": "abo0s04RX",
          "checksum": "7349ec00fa22109c2e4af3e90354dd63"
        },
        {
          "type": "image",
          "assetId": "EHAO4z7sl",
          "checksum": "cf360161106b4ceb3fde005ac2ee6dec"
        },
        {
          "type": "image",
          "assetId": "g6PjIIrzb",
          "checksum": "47cafe94f56557005eb1f669ac53fec0"
        },
        {
          "type": "image",
          "assetId": "-PYsi9mJD",
          "checksum": "97e8ddb18438a7c6168f866c4377e191"
        },
        {
          "type": "image",
          "assetId": "OGmcxTPrx",
          "checksum": "68845b646d48fb0da53545b643903e95"
        },
        {
          "type": "image",
          "assetId": "gIy3n1803",
          "checksum": "353772d40acf447cf758843c0d7b6db6"
        },
        {
          "type": "image",
          "assetId": "apfC41vjKqq4",
          "checksum": "af6b53a30f46a6c82a2e0ce0546b0655"
        },
        {
          "type": "image",
          "assetId": "QAgoV4yeAwh8",
          "checksum": "23fee64387079b37f59b54eaca298a0b"
        },
        {
          "type": "image",
          "assetId": "8OBfgcSCXAlK",
          "checksum": "674731462189ebb3aca407c2e15f81c6"
        },
        {
          "type": "image",
          "assetId": "197YCDNGdPF3",
          "checksum": "6147584431e9a4363fd1a3a1570144d4"
        },
        {
          "type": "image",
          "assetId": "Rgw_jlCz1ixf",
          "checksum": "ce9f871528b218062d0be3cc17513b61"
        }
      ],
      "codegenVersion": "0.0.1"
    }
  ],
  "cliVersion": "0.1.334"
}
